
Microsoft Visual Studio Solution File, Format Version 12.00
# Visual Studio Version 16
VisualStudioVersion = 16.0.29609.76
MinimumVisualStudioVersion = 10.0.40219.1
Project("{9A19103F-16F7-4668-BE54-9A1E7A4F7556}") = "SharedPlugins", "SharedPlugins\SharedPlugins.csproj", "{7D392AA3-1E52-4624-BA5F-1A60E01AD61D}"
EndProject
Project("{9A19103F-16F7-4668-BE54-9A1E7A4F7556}") = "Contracts", "Contracts\Contracts.csproj", "{499E8C0B-FEE5-408C-8638-A3F2778F8F79}"
EndProject
Project("{9A19103F-16F7-4668-BE54-9A1E7A4F7556}") = "ProducerPlugin", "ProducerPlugin\ProducerPlugin.csproj", "{88CAF77E-7D37-4EA7-B764-A775AC74DB53}"
EndProject
Project("{9A19103F-16F7-4668-BE54-9A1E7A4F7556}") = "ConsumerPlugin", "ConsumerPlugin\ConsumerPlugin.csproj", "{9C559D79-6E4B-4ABE-8134-199A42D4A868}"
EndProject
Project("{9A19103F-16F7-4668-BE54-9A1E7A4F7556}") = "AlcTest", "AlcTest\AlcTest.csproj", "{AD8E9BA9-733C-4927-A7A3-3BF4A360E2E8}"
EndProject
Global
	GlobalSection(SolutionConfigurationPlatforms) = preSolution
		Debug|Any CPU = Debug|Any CPU
		Release|Any CPU = Release|Any CPU
	EndGlobalSection
	GlobalSection(ProjectConfigurationPlatforms) = postSolution
		{7D392AA3-1E52-4624-BA5F-1A60E01AD61D}.Debug|Any CPU.ActiveCfg = Debug|Any CPU
		{7D392AA3-1E52-4624-BA5F-1A60E01AD61D}.Debug|Any CPU.Build.0 = Debug|Any CPU
		{7D392AA3-1E52-4624-BA5F-1A60E01AD61D}.Release|Any CPU.ActiveCfg = Release|Any CPU
		{7D392AA3-1E52-4624-BA5F-1A60E01AD61D}.Release|Any CPU.Build.0 = Release|Any CPU
		{499E8C0B-FEE5-408C-8638-A3F2778F8F79}.Debug|Any CPU.ActiveCfg = Debug|Any CPU
		{499E8C0B-FEE5-408C-8638-A3F2778F8F79}.Debug|Any CPU.Build.0 = Debug|Any CPU
		{499E8C0B-FEE5-408C-8638-A3F2778F8F79}.Release|Any CPU.ActiveCfg = Release|Any CPU
		{499E8C0B-FEE5-408C-8638-A3F2778F8F79}.Release|Any CPU.Build.0 = Release|Any CPU
		{88CAF77E-7D37-4EA7-B764-A775AC74DB53}.Debug|Any CPU.ActiveCfg = Debug|Any CPU
		{88CAF77E-7D37-4EA7-B764-A775AC74DB53}.Debug|Any CPU.Build.0 = Debug|Any CPU
		{88CAF77E-7D37-4EA7-B764-A775AC74DB53}.Release|Any CPU.ActiveCfg = Release|Any CPU
		{88CAF77E-7D37-4EA7-B764-A775AC74DB53}.Release|Any CPU.Build.0 = Release|Any CPU
		{9C559D79-6E4B-4ABE-8134-199A42D4A868}.Debug|Any CPU.ActiveCfg = Debug|Any CPU
		{9C559D79-6E4B-4ABE-8134-199A42D4A868}.Debug|Any CPU.Build.0 = Debug|Any CPU
		{9C559D79-6E4B-4ABE-8134-199A42D4A868}.Release|Any CPU.ActiveCfg = Release|Any CPU
		{9C559D79-6E4B-4ABE-8134-199A42D4A868}.Release|Any CPU.Build.0 = Release|Any CPU
		{AD8E9BA9-733C-4927-A7A3-3BF4A360E2E8}.Debug|Any CPU.ActiveCfg = Debug|Any CPU
		{AD8E9BA9-733C-4927-A7A3-3BF4A360E2E8}.Debug|Any CPU.Build.0 = Debug|Any CPU
		{AD8E9BA9-733C-4927-A7A3-3BF4A360E2E8}.Release|Any CPU.ActiveCfg = Release|Any CPU
		{AD8E9BA9-733C-4927-A7A3-3BF4A360E2E8}.Release|Any CPU.Build.0 = Release|Any CPU
	EndGlobalSection
	GlobalSection(SolutionProperties) = preSolution
		HideSolutionNode = FALSE
	EndGlobalSection
	GlobalSection(ExtensibilityGlobals) = postSolution
		SolutionGuid = {4B39441C-7E5B-464D-BBA6-B991253A2C2A}
	EndGlobalSection
EndGlobal
